{
  "nodes": {
    "flake-compat": {
      "flake": false,
      "locked": {
        "lastModified": 1673956053,
        "narHash": "sha256-4gtG9iQuiKITOjNQQeQIpoIB6b16fm+504Ch3sNKLd8=",
        "owner": "edolstra",
        "repo": "flake-compat",
        "rev": "35bb57c0c8d8b62bbfd284272c928ceb64ddbde9",
        "type": "github"
      },
      "original": {
        "owner": "edolstra",
        "repo": "flake-compat",
        "type": "github"
      }
    },
    "nixpkgs": {
      "locked": {
        "lastModified": 1712310679,
        "narHash": "sha256-XgC/a/giEeNkhme/AV1ToipoZ/IVm1MV2ntiK4Tm+pw=",
        "owner": "NixOS",
        "repo": "nixpkgs",
        "rev": "72da83d9515b43550436891f538ff41d68eecc7f",
        "type": "github"
      },
      "original": {
        "owner": "NixOS",
        "ref": "nixos-23.11",
        "repo": "nixpkgs",
        "type": "github"
      }
    },
    "nixpkgs-unstable": {
      "locked": {
        "lastModified": 1712163089,
        "narHash": "sha256-Um+8kTIrC19vD4/lUCN9/cU9kcOsD1O1m+axJqQPyMM=",
        "owner": "NixOS",
        "repo": "nixpkgs",
        "rev": "fd281bd6b7d3e32ddfa399853946f782553163b5",
        "type": "github"
      },
      "original": {
        "owner": "NixOS",
        "ref": "nixos-unstable",
        "repo": "nixpkgs",
        "type": "github"
      }
    },
    "root": {
      "inputs": {
        "nixpkgs": "nixpkgs",
        "nixpkgs-unstable": "nixpkgs-unstable",
        "sddm-catppuccin": "sddm-catppuccin"
      }
    },
    "sddm-catppuccin": {
      "inputs": {
        "flake-compat": "flake-compat",
        "nixpkgs": [
          "nixpkgs"
        ]
      },
      "locked": {
        "lastModified": 1685468525,
        "narHash": "sha256-CaCMrXlwt7JfSycB8WH3XCWUu+i7bPSfFv3duo7ZlZo=",
        "owner": "khaneliman",
        "repo": "sddm-catppuccin",
        "rev": "ffaad5c8964b52ccd92a80dfd3a7931c8b68c446",
        "type": "github"
      },
      "original": {
        "owner": "khaneliman",
        "repo": "sddm-catppuccin",
        "type": "github"
      }
    }
  },
  "root": "root",
  "version": 7
}
